// !$*UTF8*$!
{
	archiveVersion = 1;
	classes = {
	};
	objectVersion = 46;
	objects = {

/* Begin PBXBuildFile section */
		5CBA3A981BE34D80007D925D /* main.m in Sources */ = {isa = PBXBuildFile; fileRef = 5CBA3A971BE34D80007D925D /* main.m */; };
		5CBA3A9B1BE34D80007D925D /* AppDelegate.m in Sources */ = {isa = PBXBuildFile; fileRef = 5CBA3A9A1BE34D80007D925D /* AppDelegate.m */; };
		5CBA3A9E1BE34D80007D925D /* ViewController.m in Sources */ = {isa = PBXBuildFile; fileRef = 5CBA3A9D1BE34D80007D925D /* ViewController.m */; };
		5CBA3AA11BE34D80007D925D /* Main.storyboard in Resources */ = {isa = PBXBuildFile; fileRef = 5CBA3A9F1BE34D80007D925D /* Main.storyboard */; };
		5CBA3AA31BE34D80007D925D /* Assets.xcassets in Resources */ = {isa = PBXBuildFile; fileRef = 5CBA3AA21BE34D80007D925D /* Assets.xcassets */; };
		5CBA3AA61BE34D80007D925D /* LaunchScreen.storyboard in Resources */ = {isa = PBXBuildFile; fileRef = 5CBA3AA41BE34D80007D925D /* LaunchScreen.storyboard */; };
		5CBA3AB21BE34F04007D925D /* YCContact.m in Sources */ = {isa = PBXBuildFile; fileRef = 5CBA3AB11BE34F04007D925D /* YCContact.m */; };
		5CBA3AB51BE34F45007D925D /* YCContactGroup.m in Sources */ = {isa = PBXBuildFile; fileRef = 5CBA3AB41BE34F45007D925D /* YCContactGroup.m */; };
/* End PBXBuildFile section */

/* Begin PBXFileReference section */
		5CBA3A931BE34D80007D925D /* UITableView.app */ = {isa = PBXFileReference; explicitFileType = wrapper.application; includeInIndex = 0; path = UITableView.app; sourceTree = BUILT_PRODUCTS_DIR; };
		5CBA3A971BE34D80007D925D /* main.m */ = {isa = PBXFileReference; lastKnownFileType = sourcecode.c.objc; path = main.m; sourceTree = "<group>"; };
		5CBA3A991BE34D80007D925D /* AppDelegate.h */ = {isa = PBXFileReference; lastKnownFileType = sourcecode.c.h; path = AppDelegate.h; sourceTree = "<group>"; };
		5CBA3A9A1BE34D80007D925D /* AppDelegate.m */ = {isa = PBXFileReference; lastKnownFileType = sourcecode.c.objc; path = AppDelegate.m; sourceTree = "<group>"; };
		5CBA3A9C1BE34D80007D925D /* ViewController.h */ = {isa = PBXFileReference; lastKnownFileType = sourcecode.c.h; path = ViewController.h; sourceTree = "<group>"; };
		5CBA3A9D1BE34D80007D925D /* ViewController.m */ = {isa = PBXFileReference; lastKnownFileType = sourcecode.c.objc; path = ViewController.m; sourceTree = "<group>"; };
		5CBA3AA01BE34D80007D925D /* Base */ = {isa = PBXFileReference; lastKnownFileType = file.storyboard; name = Base; path = Base.lproj/Main.storyboard; sourceTree = "<group>"; };
		5CBA3AA21BE34D80007D925D /* Assets.xcassets */ = {isa = PBXFileReference; lastKnownFileType = folder.assetcatalog; path = Assets.xcassets; sourceTree = "<group>"; };
		5CBA3AA51BE34D80007D925D /* Base */ = {isa = PBXFileReference; lastKnownFileType = file.storyboard; name = Base; path = Base.lproj/LaunchScreen.storyboard; sourceTree = "<group>"; };
		5CBA3AA71BE34D80007D925D /* Info.plist */ = {isa = PBXFileReference; lastKnownFileType = text.plist.xml; path = Info.plist; sourceTree = "<group>"; };
		5CBA3AB01BE34F04007D925D /* YCContact.h */ = {isa = PBXFileReference; fileEncoding = 4; lastKnownFileType = sourcecode.c.h; path = YCContact.h; sourceTree = "<group>"; };
		5CBA3AB11BE34F04007D925D /* YCContact.m */ = {isa = PBXFileReference; fileEncoding = 4; lastKnownFileType = sourcecode.c.objc; path = YCContact.m; sourceTree = "<group>"; };
		5CBA3AB31BE34F45007D925D /* YCContactGroup.h */ = {isa = PBXFileReference; fileEncoding = 4; lastKnownFileType = sourcecode.c.h; path = YCContactGroup.h; sourceTree = "<group>"; };
		5CBA3AB41BE34F45007D925D /* YCContactGroup.m */ = {isa = PBXFileReference; fileEncoding = 4; lastKnownFileType = sourcecode.c.objc; path = YCContactGroup.m; sourceTree = "<group>"; };
/* End PBXFileReference section */

/* Begin PBXFrameworksBuildPhase section */
		5CBA3A901BE34D80007D925D /* Frameworks */ = {
			isa = PBXFrameworksBuildPhase;
			buildActionMask = 2147483647;
			files = (
			);
			runOnlyForDeploymentPostprocessing = 0;
		};
/* End PBXFrameworksBuildPhase section */

/* Begin PBXGroup section */
		5CBA3A8A1BE34D80007D925D = {
			isa = PBXGroup;
			children = (
				5CBA3A951BE34D80007D925D /* UITableView */,
				5CBA3A941BE34D80007D925D /* Products */,
			);
			sourceTree = "<group>";
		};
		5CBA3A941BE34D80007D925D /* Products */ = {
			isa = PBXGroup;
			children = (
				5CBA3A931BE34D80007D925D /* UITableView.app */,
			);
			name = Products;
			sourceTree = "<group>";
		};
		5CBA3A951BE34D80007D925D /* UITableView */ = {
			isa = PBXGroup;
			children = (
				5CBA3A991BE34D80007D925D /* AppDelegate.h */,
				5CBA3A9A1BE34D80007D925D /* AppDelegate.m */,
				5CBA3A9C1BE34D80007D925D /* ViewController.h */,
				5CBA3A9D1BE34D80007D925D /* ViewController.m */,
				5CBA3A9F1BE34D80007D925D /* Main.storyboard */,
				5CBA3AA21BE34D80007D925D /* Assets.xcassets */,
				5CBA3AA41BE34D80007D925D /* LaunchScreen.storyboard */,
				5CBA3AA71BE34D80007D925D /* Info.plist */,
				5CBA3A961BE34D80007D925D /* Supporting Files */,
				5CBA3AB01BE34F04007D925D /* YCContact.h */,
				5CBA3AB11BE34F04007D925D /* YCContact.m */,
				5CBA3AB31BE34F45007D925D /* YCContactGroup.h */,
				5CBA3AB41BE34F45007D925D /* YCContactGroup.m */,
			);
			path = UITableView;
			sourceTree = "<group>";
		};
		5CBA3A961BE34D80007D925D /* Supporting Files */ = {
			isa = PBXGroup;
			children = (
				5CBA3A971BE34D80007D925D /* main.m */,
			);
			name = "Supporting Files";
			sourceTree = "<group>";
		};
/* End PBXGroup section */

/* Begin PBXNativeTarget section */
		5CBA3A921BE34D80007D925D /* UITableView */ = {
			isa = PBXNativeTarget;
			buildConfigurationList = 5CBA3AAA1BE34D80007D925D /* Build configuration list for PBXNativeTarget "UITableView" */;
			buildPhases = (
				5CBA3A8F1BE34D80007D925D /* Sources */,
				5CBA3A901BE34D80007D925D /* Frameworks */,
				5CBA3A911BE34D80007D925D /* Resources */,
			);
			buildRules = (
			);
			dependencies = (
			);
			name = UITableView;
			productName = UITableView;
			productReference = 5CBA3A931BE34D80007D925D /* UITableView.app */;
			productType = "com.apple.product-type.application";
		};
/* End PBXNativeTarget section */

/* Begin PBXProject section */
		5CBA3A8B1BE34D80007D925D /* Project object */ = {
			isa = PBXProject;
			attributes = {
				LastUpgradeCheck = 0710;
				ORGANIZATIONNAME = "朱毅成";
				TargetAttributes = {
					5CBA3A921BE34D80007D925D = {
						CreatedOnToolsVersion = 7.1;
					};
				};
			};
			buildConfigurationList = 5CBA3A8E1BE34D80007D925D /* Build configuration list for PBXProject "UITableView" */;
			compatibilityVersion = "Xcode 3.2";
			developmentRegion = English;
			hasScannedForEncodings = 0;
			knownRegions = (
				en,
				Base,
			);
			mainGroup = 5CBA3A8A1BE34D80007D925D;
			productRefGroup = 5CBA3A941BE34D80007D925D /* Products */;
			projectDirPath = "";
			projectRoot = "";
			targets = (
				5CBA3A921BE34D80007D925D /* UITableView */,
			);
		};
/* End PBXProject section */

/* Begin PBXResourcesBuildPhase section */
		5CBA3A911BE34D80007D925D /* Resources */ = {
			isa = PBXResourcesBuildPhase;
			buildActionMask = 2147483647;
			files = (
				5CBA3AA61BE34D80007D925D /* LaunchScreen.storyboard in Resources */,
				5CBA3AA31BE34D80007D925D /* Assets.xcassets in Resources */,
				5CBA3AA11BE34D80007D925D /* Main.storyboard in Resources */,
			);
			runOnlyForDeploymentPostprocessing = 0;
		};
/* End PBXResourcesBuildPhase section */

/* Begin PBXSourcesBuildPhase section */
		5CBA3A8F1BE34D80007D925D /* Sources */ = {
			isa = PBXSourcesBuildPhase;
			buildActionMask = 2147483647;
			files = (
				5CBA3A9E1BE34D80007D925D /* ViewController.m in Sources */,
				5CBA3A9B1BE34D80007D925D /* AppDelegate.m in Sources */,
				5CBA3AB51BE34F45007D925D /* YCContactGroup.m in Sources */,
				5CBA3AB21BE34F04007D925D /* YCContact.m in Sources */,
				5CBA3A981BE34D80007D925D /* main.m in Sources */,
			);
			runOnlyForDeploymentPostprocessing = 0;
		};
/* End PBXSourcesBuildPhase section */

/* Begin PBXVariantGroup section */
		5CBA3A9F1BE34D80007D925D /* Main.storyboard */ = {
			isa = PBXVariantGroup;
			children = (
				5CBA3AA01BE34D80007D925D /* Base */,
			);
			name = Main.storyboard;
			sourceTree = "<group>";
		};
		5CBA3AA41BE34D80007D925D /* LaunchScreen.storyboard */ = {
			isa = PBXVariantGroup;
			children = (
				5CBA3AA51BE34D80007D925D /* Base */,
			);
			name = LaunchScreen.storyboard;
			sourceTree = "<group>";
		};
/* End PBXVariantGroup section */

/* Begin XCBuildConfiguration section */
		5CBA3AA81BE34D80007D925D /* Debug */ = {
			isa = XCBuildConfiguration;
			buildSettings = {
				ALWAYS_SEARCH_USER_PATHS = NO;
				CLANG_CXX_LANGUAGE_STANDARD = "gnu++0x";
				CLANG_CXX_LIBRARY = "libc++";
				CLANG_ENABLE_MODULES = YES;
				CLANG_ENABLE_OBJC_ARC = YES;
				CLANG_WARN_BOOL_CONVERSION = YES;
				CLANG_WARN_CONSTANT_CONVERSION = YES;
				CLANG_WARN_DIRECT_OBJC_ISA_USAGE = YES_ERROR;
				CLANG_WARN_EMPTY_BODY = YES;
				CLANG_WARN_ENUM_CONVERSION = YES;
				CLANG_WARN_INT_CONVERSION = YES;
				CLANG_WARN_OBJC_ROOT_CLASS = YES_ERROR;
				CLANG_WARN_UNREACHABLE_CODE = YES;
				CLANG_WARN__DUPLICATE_METHOD_MATCH = YES;
				"CODE_SIGN_IDENTITY[sdk=iphoneos*]" = "iPhone Developer";
				COPY_PHASE_STRIP = NO;
				DEBUG_INFORMATION_FORMAT = dwarf;
				ENABLE_STRICT_OBJC_MSGSEND = YES;
				ENABLE_TESTABILITY = YES;
				GCC_C_LANGUAGE_STANDARD = gnu99;
				GCC_DYNAMIC_NO_PIC = NO;
				GCC_NO_COMMON_BLOCKS = YES;
				GCC_OPTIMIZATION_LEVEL = 0;
				GCC_PREPROCESSOR_DEFINITIONS = (
					"DEBUG=1",
					"$(inherited)",
				);
				GCC_WARN_64_TO_32_BIT_CONVERSION = YES;
				GCC_WARN_ABOUT_RETURN_TYPE = YES_ERROR;
				GCC_WARN_UNDECLARED_SELECTOR = YES;
				GCC_WARN_UNINITIALIZED_AUTOS = YES_AGGRESSIVE;
				GCC_WARN_UNUSED_FUNCTION = YES;
				GCC_WARN_UNUSED_VARIABLE = YES;
				IPHONEOS_DEPLOYMENT_TARGET = 9.1;
				MTL_ENABLE_DEBUG_INFO = YES;
				ONLY_ACTIVE_ARCH = YES;
				SDKROOT = iphoneos;
				TARGETED_DEVICE_FAMILY = "1,2";
			};
			name = Debug;
		};
		5CBA3AA91BE34D80007D925D /* Release */ = {
			isa = XCBuildConfiguration;
			buildSettings = {
				ALWAYS_SEARCH_USER_PATHS = NO;
				CLANG_CXX_LANGUAGE_STANDARD = "gnu++0x";
				CLANG_CXX_LIBRARY = "libc++";
				CLANG_ENABLE_MODULES = YES;
				CLANG_ENABLE_OBJC_ARC = YES;
				CLANG_WARN_BOOL_CONVERSION = YES;
				CLANG_WARN_CONSTANT_CONVERSION = YES;
				CLANG_WARN_DIRECT_OBJC_ISA_USAGE = YES_ERROR;
				CLANG_WARN_EMPTY_BODY = YES;
				CLANG_WARN_ENUM_CONVERSION = YES;
				CLANG_WARN_INT_CONVERSION = YES;
				CLANG_WARN_OBJC_ROOT_CLASS = YES_ERROR;
				CLANG_WARN_UNREACHABLE_CODE = YES;
				CLANG_WARN__DUPLICATE_METHOD_MATCH = YES;
				"CODE_SIGN_IDENTITY[sdk=iphoneos*]" = "iPhone Developer";
				COPY_PHASE_STRIP = NO;
				DEBUG_INFORMATION_FORMAT = "dwarf-with-dsym";
				ENABLE_NS_ASSERTIONS = NO;
				ENABLE_STRICT_OBJC_MSGSEND = YES;
				GCC_C_LANGUAGE_STANDARD = gnu99;
				GCC_NO_COMMON_BLOCKS = YES;
				GCC_WARN_64_TO_32_BIT_CONVERSION = YES;
				GCC_WARN_ABOUT_RETURN_TYPE = YES_ERROR;
				GCC_WARN_UNDECLARED_SELECTOR = YES;
				GCC_WARN_UNINITIALIZED_AUTOS = YES_AGGRESSIVE;
				GCC_WARN_UNUSED_FUNCTION = YES;
				GCC_WARN_UNUSED_VARIABLE = YES;
				IPHONEOS_DEPLOYMENT_TARGET = 9.1;
				MTL_ENABLE_DEBUG_INFO = NO;
				SDKROOT = iphoneos;
				TARGETED_DEVICE_FAMILY = "1,2";
				VALIDATE_PRODUCT = YES;
			};
			name = Release;
		};
		5CBA3AAB1BE34D80007D925D /* Debug */ = {
			isa = XCBuildConfiguration;
			buildSettings = {
				ASSETCATALOG_COMPILER_APPICON_NAME = AppIcon;
				INFOPLIST_FILE = UITableView/Info.plist;
				IPHONEOS_DEPLOYMENT_TARGET = 9.0;
				LD_RUNPATH_SEARCH_PATHS = "$(inherited) @executable_path/Frameworks";
				PRODUCT_BUNDLE_IDENTIFIER = "--.UITableView";
				PRODUCT_NAME = "$(TARGET_NAME)";
			};
			name = Debug;
		};
		5CBA3AAC1BE34D80007D925D /* Release */ = {
			isa = XCBuildConfiguration;
			buildSettings = {
				ASSETCATALOG_COMPILER_APPICON_NAME = AppIcon;
				INFOPLIST_FILE = UITableView/Info.plist;
				IPHONEOS_DEPLOYMENT_TARGET = 9.0;
				LD_RUNPATH_SEARCH_PATHS = "$(inherited) @executable_path/Frameworks";
				PRODUCT_BUNDLE_IDENTIFIER = "--.UITableView";
				PRODUCT_NAME = "$(TARGET_NAME)";
			};
			name = Release;
		};
/* End XCBuildConfiguration section */

/* Begin XCConfigurationList section */
		5CBA3A8E1BE34D80007D925D /* Build configuration list for PBXProject "UITableView" */ = {
			isa = XCConfigurationList;
			buildConfigurations = (
				5CBA3AA81BE34D80007D925D /* Debug */,
				5CBA3AA91BE34D80007D925D /* Release */,
			);
			defaultConfigurationIsVisible = 0;
			defaultConfigurationName = Release;
		};
		5CBA3AAA1BE34D80007D925D /* Build configuration list for PBXNativeTarget "UITableView" */ = {
			isa = XCConfigurationList;
			buildConfigurations = (
				5CBA3AAB1BE34D80007D925D /* Debug */,
				5CBA3AAC1BE34D80007D925D /* Release */,
			);
			defaultConfigurationIsVisible = 0;
			defaultConfigurationName = Release;
		};
/* End XCConfigurationList section */
	};
	rootObject = 5CBA3A8B1BE34D80007D925D /* Project object */;
}
